// !$*UTF8*$!
{
	archiveVersion = 1;
	classes = {
	};
	objectVersion = 46;
	objects = {

/* Begin PBXBuildFile section */
		0400DB3C1FEC4D9800C96690 /* GoogleService-Info.plist in Resources */ = {isa = PBXBuildFile; fileRef = 0400DB3B1FEC4D9800C96690 /* GoogleService-Info.plist */; };
		0400DB3D1FEC4D9800C96690 /* GoogleService-Info.plist in Resources */ = {isa = PBXBuildFile; fileRef = 0400DB3B1FEC4D9800C96690 /* GoogleService-Info.plist */; };
		04041A501EF36F2E0030A000 /* AppDelegate.swift in Sources */ = {isa = PBXBuildFile; fileRef = 04041A4F1EF36F2E0030A000 /* AppDelegate.swift */; };
		04041A521EF36F2E0030A000 /* FirstViewController.swift in Sources */ = {isa = PBXBuildFile; fileRef = 04041A511EF36F2E0030A000 /* FirstViewController.swift */; };
		04041A571EF36F2E0030A000 /* Main.storyboard in Resources */ = {isa = PBXBuildFile; fileRef = 04041A551EF36F2E0030A000 /* Main.storyboard */; };
		04041A591EF36F2E0030A000 /* Assets.xcassets in Resources */ = {isa = PBXBuildFile; fileRef = 04041A581EF36F2E0030A000 /* Assets.xcassets */; };
		04041A5C1EF36F2E0030A000 /* LaunchScreen.storyboard in Resources */ = {isa = PBXBuildFile; fileRef = 04041A5A1EF36F2E0030A000 /* LaunchScreen.storyboard */; };
		04041A671EF36F2E0030A000 /* PHUNCTests.swift in Sources */ = {isa = PBXBuildFile; fileRef = 04041A661EF36F2E0030A000 /* PHUNCTests.swift */; };
		0410BFF11F042672000B7BC3 /* crisisVC.swift in Sources */ = {isa = PBXBuildFile; fileRef = 0410BFF01F042672000B7BC3 /* crisisVC.swift */; };
		0410BFF31F045AF4000B7BC3 /* directiveVC.swift in Sources */ = {isa = PBXBuildFile; fileRef = 0410BFF21F045AF4000B7BC3 /* directiveVC.swift */; };
		0410BFF51F049775000B7BC3 /* ppVC.swift in Sources */ = {isa = PBXBuildFile; fileRef = 0410BFF41F049774000B7BC3 /* ppVC.swift */; };
		0410BFF91F049A61000B7BC3 /* pp_detVC.swift in Sources */ = {isa = PBXBuildFile; fileRef = 0410BFF81F049A61000B7BC3 /* pp_detVC.swift */; };
		0410BFFB1F049B71000B7BC3 /* schemeVC.swift in Sources */ = {isa = PBXBuildFile; fileRef = 0410BFFA1F049B71000B7BC3 /* schemeVC.swift */; };
		0410BFFD1F049C27000B7BC3 /* passingVC.swift in Sources */ = {isa = PBXBuildFile; fileRef = 0410BFFC1F049C27000B7BC3 /* passingVC.swift */; };
		0410BFFF1F049F75000B7BC3 /* FourthViewController.swift in Sources */ = {isa = PBXBuildFile; fileRef = 0410BFFE1F049F74000B7BC3 /* FourthViewController.swift */; };
		0410C0011F04A167000B7BC3 /* contactVC.swift in Sources */ = {isa = PBXBuildFile; fileRef = 0410C0001F04A167000B7BC3 /* contactVC.swift */; };
		0410C0031F04A17F000B7BC3 /* feedbackVC.swift in Sources */ = {isa = PBXBuildFile; fileRef = 0410C0021F04A17F000B7BC3 /* feedbackVC.swift */; };
		0444CC841F031852004A5A89 /* munVC.swift in Sources */ = {isa = PBXBuildFile; fileRef = 0444CC821F031851004A5A89 /* munVC.swift */; };
		0447D4E7204DCC030045ED1F /* ScheduleVC.swift in Sources */ = {isa = PBXBuildFile; fileRef = 0447D4E6204DCC030045ED1F /* ScheduleVC.swift */; };
		046F00CE204F90E800E20603 /* CharityVC.swift in Sources */ = {isa = PBXBuildFile; fileRef = 046F00CD204F90E800E20603 /* CharityVC.swift */; };
		046F00D2204F919000E20603 /* MerchVC.swift in Sources */ = {isa = PBXBuildFile; fileRef = 046F00D1204F919000E20603 /* MerchVC.swift */; };
		047380091F00A648009E2F97 /* ThirdViewController.swift in Sources */ = {isa = PBXBuildFile; fileRef = 047380081F00A648009E2F97 /* ThirdViewController.swift */; };
		0473E51C203A80F000A9062A /* TransportationVC.swift in Sources */ = {isa = PBXBuildFile; fileRef = 0473E51B203A80F000A9062A /* TransportationVC.swift */; };
		048F67CF204CC88100A967C3 /* guideVC.swift in Sources */ = {isa = PBXBuildFile; fileRef = 048F67CE204CC88100A967C3 /* guideVC.swift */; };
		04EA0E701F9A737000111AB8 /* RestaurantVC.swift in Sources */ = {isa = PBXBuildFile; fileRef = 04EA0E6F1F9A737000111AB8 /* RestaurantVC.swift */; };
		33305CE20903E5FF2BC3D602 /* Pods_PHUNC.framework in Frameworks */ = {isa = PBXBuildFile; fileRef = FC5293CCD5BE1C7524AFAA6B /* Pods_PHUNC.framework */; settings = {ATTRIBUTES = (Required, ); }; };
		EBC3C3BB5B914347B19CAE29 /* Pods_PHUNCTests.framework in Frameworks */ = {isa = PBXBuildFile; fileRef = 69CF0EE781C2CA2D30AFB2D3 /* Pods_PHUNCTests.framework */; };
/* End PBXBuildFile section */

/* Begin PBXContainerItemProxy section */
		04041A631EF36F2E0030A000 /* PBXContainerItemProxy */ = {
			isa = PBXContainerItemProxy;
			containerPortal = 04041A441EF36F2D0030A000 /* Project object */;
			proxyType = 1;
			remoteGlobalIDString = 04041A4B1EF36F2D0030A000;
			remoteInfo = PHUNC;
		};
/* End PBXContainerItemProxy section */

/* Begin PBXFileReference section */
		0400DB3B1FEC4D9800C96690 /* GoogleService-Info.plist */ = {isa = PBXFileReference; fileEncoding = 4; lastKnownFileType = text.plist.xml; name = "GoogleService-Info.plist"; path = "../../../Downloads/GoogleService-Info.plist"; sourceTree = "<group>"; };
		04041A4C1EF36F2D0030A000 /* PHUNC.app */ = {isa = PBXFileReference; explicitFileType = wrapper.application; includeInIndex = 0; path = PHUNC.app; sourceTree = BUILT_PRODUCTS_DIR; };
		04041A4F1EF36F2E0030A000 /* AppDelegate.swift */ = {isa = PBXFileReference; lastKnownFileType = sourcecode.swift; path = AppDelegate.swift; sourceTree = "<group>"; };
		04041A511EF36F2E0030A000 /* FirstViewController.swift */ = {isa = PBXFileReference; lastKnownFileType = sourcecode.swift; path = FirstViewController.swift; sourceTree = "<group>"; };
		04041A561EF36F2E0030A000 /* Base */ = {isa = PBXFileReference; lastKnownFileType = file.storyboard; name = Base; path = Base.lproj/Main.storyboard; sourceTree = "<group>"; };
		04041A581EF36F2E0030A000 /* Assets.xcassets */ = {isa = PBXFileReference; lastKnownFileType = folder.assetcatalog; path = Assets.xcassets; sourceTree = "<group>"; };
		04041A5B1EF36F2E0030A000 /* Base */ = {isa = PBXFileReference; lastKnownFileType = file.storyboard; name = Base; path = Base.lproj/LaunchScreen.storyboard; sourceTree = "<group>"; };
		04041A5D1EF36F2E0030A000 /* Info.plist */ = {isa = PBXFileReference; lastKnownFileType = text.plist.xml; path = Info.plist; sourceTree = "<group>"; };
		04041A621EF36F2E0030A000 /* PHUNCTests.xctest */ = {isa = PBXFileReference; explicitFileType = wrapper.cfbundle; includeInIndex = 0; path = PHUNCTests.xctest; sourceTree = BUILT_PRODUCTS_DIR; };
		04041A661EF36F2E0030A000 /* PHUNCTests.swift */ = {isa = PBXFileReference; lastKnownFileType = sourcecode.swift; path = PHUNCTests.swift; sourceTree = "<group>"; };
		04041A681EF36F2E0030A000 /* Info.plist */ = {isa = PBXFileReference; lastKnownFileType = text.plist.xml; path = Info.plist; sourceTree = "<group>"; };
		0410BFF01F042672000B7BC3 /* crisisVC.swift */ = {isa = PBXFileReference; fileEncoding = 4; lastKnownFileType = sourcecode.swift; path = crisisVC.swift; sourceTree = "<group>"; };
		0410BFF21F045AF4000B7BC3 /* directiveVC.swift */ = {isa = PBXFileReference; fileEncoding = 4; lastKnownFileType = sourcecode.swift; path = directiveVC.swift; sourceTree = "<group>"; };
		0410BFF41F049774000B7BC3 /* ppVC.swift */ = {isa = PBXFileReference; fileEncoding = 4; lastKnownFileType = sourcecode.swift; path = ppVC.swift; sourceTree = "<group>"; };
		0410BFF81F049A61000B7BC3 /* pp_detVC.swift */ = {isa = PBXFileReference; fileEncoding = 4; lastKnownFileType = sourcecode.swift; path = pp_detVC.swift; sourceTree = "<group>"; };
		0410BFFA1F049B71000B7BC3 /* schemeVC.swift */ = {isa = PBXFileReference; fileEncoding = 4; lastKnownFileType = sourcecode.swift; path = schemeVC.swift; sourceTree = "<group>"; };
		0410BFFC1F049C27000B7BC3 /* passingVC.swift */ = {isa = PBXFileReference; fileEncoding = 4; lastKnownFileType = sourcecode.swift; path = passingVC.swift; sourceTree = "<group>"; };
		0410BFFE1F049F74000B7BC3 /* FourthViewController.swift */ = {isa = PBXFileReference; fileEncoding = 4; lastKnownFileType = sourcecode.swift; path = FourthViewController.swift; sourceTree = "<group>"; };
		0410C0001F04A167000B7BC3 /* contactVC.swift */ = {isa = PBXFileReference; fileEncoding = 4; lastKnownFileType = sourcecode.swift; path = contactVC.swift; sourceTree = "<group>"; };
		0410C0021F04A17F000B7BC3 /* feedbackVC.swift */ = {isa = PBXFileReference; fileEncoding = 4; lastKnownFileType = sourcecode.swift; path = feedbackVC.swift; sourceTree = "<group>"; };
		0444CC821F031851004A5A89 /* munVC.swift */ = {isa = PBXFileReference; fileEncoding = 4; lastKnownFileType = sourcecode.swift; path = munVC.swift; sourceTree = "<group>"; };
		0447D4E6204DCC030045ED1F /* ScheduleVC.swift */ = {isa = PBXFileReference; lastKnownFileType = sourcecode.swift; path = ScheduleVC.swift; sourceTree = "<group>"; };
		046F00CD204F90E800E20603 /* CharityVC.swift */ = {isa = PBXFileReference; lastKnownFileType = sourcecode.swift; path = CharityVC.swift; sourceTree = "<group>"; };
		046F00D1204F919000E20603 /* MerchVC.swift */ = {isa = PBXFileReference; lastKnownFileType = sourcecode.swift; path = MerchVC.swift; sourceTree = "<group>"; };
		047380081F00A648009E2F97 /* ThirdViewController.swift */ = {isa = PBXFileReference; fileEncoding = 4; lastKnownFileType = sourcecode.swift; name = ThirdViewController.swift; path = ../ThirdViewController.swift; sourceTree = "<group>"; };
		0473E51B203A80F000A9062A /* TransportationVC.swift */ = {isa = PBXFileReference; lastKnownFileType = sourcecode.swift; path = TransportationVC.swift; sourceTree = "<group>"; };
		048F67CE204CC88100A967C3 /* guideVC.swift */ = {isa = PBXFileReference; lastKnownFileType = sourcecode.swift; path = guideVC.swift; sourceTree = "<group>"; };
		04C40E21553B9FF9A01E9074 /* Pods-PHUNCTests.release.xcconfig */ = {isa = PBXFileReference; includeInIndex = 1; lastKnownFileType = text.xcconfig; name = "Pods-PHUNCTests.release.xcconfig"; path = "Pods/Target Support Files/Pods-PHUNCTests/Pods-PHUNCTests.release.xcconfig"; sourceTree = "<group>"; };
		04EA0E6F1F9A737000111AB8 /* RestaurantVC.swift */ = {isa = PBXFileReference; fileEncoding = 4; lastKnownFileType = sourcecode.swift; path = RestaurantVC.swift; sourceTree = "<group>"; };
		10DB27E7F82F55A968FCF17A /* Pods-PHUNC.debug.xcconfig */ = {isa = PBXFileReference; includeInIndex = 1; lastKnownFileType = text.xcconfig; name = "Pods-PHUNC.debug.xcconfig"; path = "Pods/Target Support Files/Pods-PHUNC/Pods-PHUNC.debug.xcconfig"; sourceTree = "<group>"; };
		3BD5239BCC2AD970B16F5AE8 /* Pods-PHUNCTests.debug.xcconfig */ = {isa = PBXFileReference; includeInIndex = 1; lastKnownFileType = text.xcconfig; name = "Pods-PHUNCTests.debug.xcconfig"; path = "Pods/Target Support Files/Pods-PHUNCTests/Pods-PHUNCTests.debug.xcconfig"; sourceTree = "<group>"; };
		5008DA856298364D19ED5292 /* Pods-PHUNC.release.xcconfig */ = {isa = PBXFileReference; includeInIndex = 1; lastKnownFileType = text.xcconfig; name = "Pods-PHUNC.release.xcconfig"; path = "Pods/Target Support Files/Pods-PHUNC/Pods-PHUNC.release.xcconfig"; sourceTree = "<group>"; };
		69CF0EE781C2CA2D30AFB2D3 /* Pods_PHUNCTests.framework */ = {isa = PBXFileReference; explicitFileType = wrapper.framework; includeInIndex = 0; path = Pods_PHUNCTests.framework; sourceTree = BUILT_PRODUCTS_DIR; };
		FC5293CCD5BE1C7524AFAA6B /* Pods_PHUNC.framework */ = {isa = PBXFileReference; explicitFileType = wrapper.framework; includeInIndex = 0; path = Pods_PHUNC.framework; sourceTree = BUILT_PRODUCTS_DIR; };
/* End PBXFileReference section */

/* Begin PBXFrameworksBuildPhase section */
		04041A491EF36F2D0030A000 /* Frameworks */ = {
			isa = PBXFrameworksBuildPhase;
			buildActionMask = 2147483647;
			files = (
				33305CE20903E5FF2BC3D602 /* Pods_PHUNC.framework in Frameworks */,
			);
			runOnlyForDeploymentPostprocessing = 0;
		};
		04041A5F1EF36F2E0030A000 /* Frameworks */ = {
			isa = PBXFrameworksBuildPhase;
			buildActionMask = 2147483647;
			files = (
				EBC3C3BB5B914347B19CAE29 /* Pods_PHUNCTests.framework in Frameworks */,
			);
			runOnlyForDeploymentPostprocessing = 0;
		};
/* End PBXFrameworksBuildPhase section */

/* Begin PBXGroup section */
		04041A431EF36F2D0030A000 = {
			isa = PBXGroup;
			children = (
				04041A4E1EF36F2D0030A000 /* PHUNC */,
				04041A651EF36F2E0030A000 /* PHUNCTests */,
				04041A4D1EF36F2D0030A000 /* Products */,
				3CF92D9C51488473B1D9F30B /* Pods */,
				08F598228B97A9961D073F25 /* Frameworks */,
			);
			sourceTree = "<group>";
		};
		04041A4D1EF36F2D0030A000 /* Products */ = {
			isa = PBXGroup;
			children = (
				04041A4C1EF36F2D0030A000 /* PHUNC.app */,
				04041A621EF36F2E0030A000 /* PHUNCTests.xctest */,
			);
			name = Products;
			sourceTree = "<group>";
		};
		04041A4E1EF36F2D0030A000 /* PHUNC */ = {
			isa = PBXGroup;
			children = (
				04041A4F1EF36F2E0030A000 /* AppDelegate.swift */,
				04041A511EF36F2E0030A000 /* FirstViewController.swift */,
				0447D4E6204DCC030045ED1F /* ScheduleVC.swift */,
				047380081F00A648009E2F97 /* ThirdViewController.swift */,
				0444CC821F031851004A5A89 /* munVC.swift */,
				0410BFF01F042672000B7BC3 /* crisisVC.swift */,
				0410BFF21F045AF4000B7BC3 /* directiveVC.swift */,
				0410BFF41F049774000B7BC3 /* ppVC.swift */,
				0410BFF81F049A61000B7BC3 /* pp_detVC.swift */,
				0410BFFA1F049B71000B7BC3 /* schemeVC.swift */,
				0410BFFC1F049C27000B7BC3 /* passingVC.swift */,
				048F67CE204CC88100A967C3 /* guideVC.swift */,
				0410BFFE1F049F74000B7BC3 /* FourthViewController.swift */,
				04EA0E6F1F9A737000111AB8 /* RestaurantVC.swift */,
				0410C0001F04A167000B7BC3 /* contactVC.swift */,
				0410C0021F04A17F000B7BC3 /* feedbackVC.swift */,
				0473E51B203A80F000A9062A /* TransportationVC.swift */,
				046F00CD204F90E800E20603 /* CharityVC.swift */,
				04041A551EF36F2E0030A000 /* Main.storyboard */,
				04041A581EF36F2E0030A000 /* Assets.xcassets */,
				04041A5A1EF36F2E0030A000 /* LaunchScreen.storyboard */,
				04041A5D1EF36F2E0030A000 /* Info.plist */,
				0400DB3B1FEC4D9800C96690 /* GoogleService-Info.plist */,
				046F00D1204F919000E20603 /* MerchVC.swift */,
			);
			path = PHUNC;
			sourceTree = "<group>";
		};
		04041A651EF36F2E0030A000 /* PHUNCTests */ = {
			isa = PBXGroup;
			children = (
				04041A661EF36F2E0030A000 /* PHUNCTests.swift */,
				04041A681EF36F2E0030A000 /* Info.plist */,
			);
			path = PHUNCTests;
			sourceTree = "<group>";
		};
		08F598228B97A9961D073F25 /* Frameworks */ = {
			isa = PBXGroup;
			children = (
				FC5293CCD5BE1C7524AFAA6B /* Pods_PHUNC.framework */,
				69CF0EE781C2CA2D30AFB2D3 /* Pods_PHUNCTests.framework */,
			);
			name = Frameworks;
			sourceTree = "<group>";
		};
		3CF92D9C51488473B1D9F30B /* Pods */ = {
			isa = PBXGroup;
			children = (
				10DB27E7F82F55A968FCF17A /* Pods-PHUNC.debug.xcconfig */,
				5008DA856298364D19ED5292 /* Pods-PHUNC.release.xcconfig */,
				3BD5239BCC2AD970B16F5AE8 /* Pods-PHUNCTests.debug.xcconfig */,
				04C40E21553B9FF9A01E9074 /* Pods-PHUNCTests.release.xcconfig */,
			);
			name = Pods;
			sourceTree = "<group>";
		};
/* End PBXGroup section */

/* Begin PBXNativeTarget section */
		04041A4B1EF36F2D0030A000 /* PHUNC */ = {
			isa = PBXNativeTarget;
			buildConfigurationList = 04041A6B1EF36F2E0030A000 /* Build configuration list for PBXNativeTarget "PHUNC" */;
			buildPhases = (
				746A4AF98CAFBDFC8EC7969E /* [CP] Check Pods Manifest.lock */,
				04041A481EF36F2D0030A000 /* Sources */,
				04041A491EF36F2D0030A000 /* Frameworks */,
				04041A4A1EF36F2D0030A000 /* Resources */,
				B002DDB2B8AA38A2AAAFBD73 /* [CP] Embed Pods Frameworks */,
				6AD8BB68698DD97EF94EA9AE /* [CP] Copy Pods Resources */,
			);
			buildRules = (
			);
			dependencies = (
			);
			name = PHUNC;
			productName = PHUNC;
			productReference = 04041A4C1EF36F2D0030A000 /* PHUNC.app */;
			productType = "com.apple.product-type.application";
		};
		04041A611EF36F2E0030A000 /* PHUNCTests */ = {
			isa = PBXNativeTarget;
			buildConfigurationList = 04041A6E1EF36F2E0030A000 /* Build configuration list for PBXNativeTarget "PHUNCTests" */;
			buildPhases = (
				152387D1DC67FDA83FCD669B /* [CP] Check Pods Manifest.lock */,
				04041A5E1EF36F2E0030A000 /* Sources */,
				04041A5F1EF36F2E0030A000 /* Frameworks */,
				04041A601EF36F2E0030A000 /* Resources */,
				CD86F51EC025B9FD8598448F /* [CP] Embed Pods Frameworks */,
				65CD5CB4716AFCCF8C90C7D3 /* [CP] Copy Pods Resources */,
			);
			buildRules = (
			);
			dependencies = (
				04041A641EF36F2E0030A000 /* PBXTargetDependency */,
			);
			name = PHUNCTests;
			productName = PHUNCTests;
			productReference = 04041A621EF36F2E0030A000 /* PHUNCTests.xctest */;
			productType = "com.apple.product-type.bundle.unit-test";
		};
/* End PBXNativeTarget section */

/* Begin PBXProject section */
		04041A441EF36F2D0030A000 /* Project object */ = {
			isa = PBXProject;
			attributes = {
				LastSwiftUpdateCheck = 0830;
				LastUpgradeCheck = 0920;
				ORGANIZATIONNAME = PSIADA;
				TargetAttributes = {
					04041A4B1EF36F2D0030A000 = {
						CreatedOnToolsVersion = 8.3.3;
						DevelopmentTeam = F338P48T6P;
						ProvisioningStyle = Automatic;
					};
					04041A611EF36F2E0030A000 = {
						CreatedOnToolsVersion = 8.3.3;
						ProvisioningStyle = Automatic;
						TestTargetID = 04041A4B1EF36F2D0030A000;
					};
				};
			};
			buildConfigurationList = 04041A471EF36F2D0030A000 /* Build configuration list for PBXProject "PHUNC" */;
			compatibilityVersion = "Xcode 3.2";
			developmentRegion = English;
			hasScannedForEncodings = 0;
			knownRegions = (
				en,
				Base,
			);
			mainGroup = 04041A431EF36F2D0030A000;
			productRefGroup = 04041A4D1EF36F2D0030A000 /* Products */;
			projectDirPath = "";
			projectRoot = "";
			targets = (
				04041A4B1EF36F2D0030A000 /* PHUNC */,
				04041A611EF36F2E0030A000 /* PHUNCTests */,
			);
		};
/* End PBXProject section */

/* Begin PBXResourcesBuildPhase section */
		04041A4A1EF36F2D0030A000 /* Resources */ = {
			isa = PBXResourcesBuildPhase;
			buildActionMask = 2147483647;
			files = (
				04041A5C1EF36F2E0030A000 /* LaunchScreen.storyboard in Resources */,
				0400DB3C1FEC4D9800C96690 /* GoogleService-Info.plist in Resources */,
				04041A591EF36F2E0030A000 /* Assets.xcassets in Resources */,
				04041A571EF36F2E0030A000 /* Main.storyboard in Resources */,
			);
			runOnlyForDeploymentPostprocessing = 0;
		};
		04041A601EF36F2E0030A000 /* Resources */ = {
			isa = PBXResourcesBuildPhase;
			buildActionMask = 2147483647;
			files = (
				0400DB3D1FEC4D9800C96690 /* GoogleService-Info.plist in Resources */,
			);
			runOnlyForDeploymentPostprocessing = 0;
		};
/* End PBXResourcesBuildPhase section */

/* Begin PBXShellScriptBuildPhase section */
		152387D1DC67FDA83FCD669B /* [CP] Check Pods Manifest.lock */ = {
			isa = PBXShellScriptBuildPhase;
			buildActionMask = 2147483647;
			files = (
			);
			inputPaths = (
				"${PODS_PODFILE_DIR_PATH}/Podfile.lock",
				"${PODS_ROOT}/Manifest.lock",
			);
			name = "[CP] Check Pods Manifest.lock";
			outputPaths = (
				"$(DERIVED_FILE_DIR)/Pods-PHUNCTests-checkManifestLockResult.txt",
			);
			runOnlyForDeploymentPostprocessing = 0;
			shellPath = /bin/sh;
			shellScript = "diff \"${PODS_PODFILE_DIR_PATH}/Podfile.lock\" \"${PODS_ROOT}/Manifest.lock\" > /dev/null\nif [ $? != 0 ] ; then\n    # print error to STDERR\n    echo \"error: The sandbox is not in sync with the Podfile.lock. Run 'pod install' or update your CocoaPods installation.\" >&2\n    exit 1\nfi\n# This output is used by Xcode 'outputs' to avoid re-running this script phase.\necho \"SUCCESS\" > \"${SCRIPT_OUTPUT_FILE_0}\"\n";
			showEnvVarsInLog = 0;
		};
		65CD5CB4716AFCCF8C90C7D3 /* [CP] Copy Pods Resources */ = {
			isa = PBXShellScriptBuildPhase;
			buildActionMask = 2147483647;
			files = (
			);
			inputPaths = (
			);
			name = "[CP] Copy Pods Resources";
			outputPaths = (
			);
			runOnlyForDeploymentPostprocessing = 0;
			shellPath = /bin/sh;
			shellScript = "\"${SRCROOT}/Pods/Target Support Files/Pods-PHUNCTests/Pods-PHUNCTests-resources.sh\"\n";
			showEnvVarsInLog = 0;
		};
		6AD8BB68698DD97EF94EA9AE /* [CP] Copy Pods Resources */ = {
			isa = PBXShellScriptBuildPhase;
			buildActionMask = 2147483647;
			files = (
			);
			inputPaths = (
			);
			name = "[CP] Copy Pods Resources";
			outputPaths = (
			);
			runOnlyForDeploymentPostprocessing = 0;
			shellPath = /bin/sh;
			shellScript = "\"${SRCROOT}/Pods/Target Support Files/Pods-PHUNC/Pods-PHUNC-resources.sh\"\n";
			showEnvVarsInLog = 0;
		};
		746A4AF98CAFBDFC8EC7969E /* [CP] Check Pods Manifest.lock */ = {
			isa = PBXShellScriptBuildPhase;
			buildActionMask = 2147483647;
			files = (
			);
			inputPaths = (
				"${PODS_PODFILE_DIR_PATH}/Podfile.lock",
				"${PODS_ROOT}/Manifest.lock",
			);
			name = "[CP] Check Pods Manifest.lock";
			outputPaths = (
				"$(DERIVED_FILE_DIR)/Pods-PHUNC-checkManifestLockResult.txt",
			);
			runOnlyForDeploymentPostprocessing = 0;
			shellPath = /bin/sh;
			shellScript = "diff \"${PODS_PODFILE_DIR_PATH}/Podfile.lock\" \"${PODS_ROOT}/Manifest.lock\" > /dev/null\nif [ $? != 0 ] ; then\n    # print error to STDERR\n    echo \"error: The sandbox is not in sync with the Podfile.lock. Run 'pod install' or update your CocoaPods installation.\" >&2\n    exit 1\nfi\n# This output is used by Xcode 'outputs' to avoid re-running this script phase.\necho \"SUCCESS\" > \"${SCRIPT_OUTPUT_FILE_0}\"\n";
			showEnvVarsInLog = 0;
		};
		B002DDB2B8AA38A2AAAFBD73 /* [CP] Embed Pods Frameworks */ = {
			isa = PBXShellScriptBuildPhase;
			buildActionMask = 2147483647;
			files = (
			);
			inputPaths = (
				"${SRCROOT}/Pods/Target Support Files/Pods-PHUNC/Pods-PHUNC-frameworks.sh",
				"${BUILT_PRODUCTS_DIR}/GoogleToolboxForMac/GoogleToolboxForMac.framework",
				"${BUILT_PRODUCTS_DIR}/ImageSlideshow/ImageSlideshow.framework",
				"${BUILT_PRODUCTS_DIR}/SDWebImage/SDWebImage.framework",
				"${BUILT_PRODUCTS_DIR}/nanopb/nanopb.framework",
			);
			name = "[CP] Embed Pods Frameworks";
			outputPaths = (
				"${TARGET_BUILD_DIR}/${FRAMEWORKS_FOLDER_PATH}/GoogleToolboxForMac.framework",
				"${TARGET_BUILD_DIR}/${FRAMEWORKS_FOLDER_PATH}/ImageSlideshow.framework",
				"${TARGET_BUILD_DIR}/${FRAMEWORKS_FOLDER_PATH}/SDWebImage.framework",
				"${TARGET_BUILD_DIR}/${FRAMEWORKS_FOLDER_PATH}/nanopb.framework",
			);
			runOnlyForDeploymentPostprocessing = 0;
			shellPath = /bin/sh;
			shellScript = "\"${SRCROOT}/Pods/Target Support Files/Pods-PHUNC/Pods-PHUNC-frameworks.sh\"\n";
			showEnvVarsInLog = 0;
		};
		CD86F51EC025B9FD8598448F /* [CP] Embed Pods Frameworks */ = {
			isa = PBXShellScriptBuildPhase;
			buildActionMask = 2147483647;
			files = (
			);
			inputPaths = (
			);
			name = "[CP] Embed Pods Frameworks";
			outputPaths = (
			);
			runOnlyForDeploymentPostprocessing = 0;
			shellPath = /bin/sh;
			shellScript = "\"${SRCROOT}/Pods/Target Support Files/Pods-PHUNCTests/Pods-PHUNCTests-frameworks.sh\"\n";
			showEnvVarsInLog = 0;
		};
/* End PBXShellScriptBuildPhase section */

/* Begin PBXSourcesBuildPhase section */
		04041A481EF36F2D0030A000 /* Sources */ = {
			isa = PBXSourcesBuildPhase;
			buildActionMask = 2147483647;
			files = (
				0410BFFF1F049F75000B7BC3 /* FourthViewController.swift in Sources */,
				0473E51C203A80F000A9062A /* TransportationVC.swift in Sources */,
				0410BFFB1F049B71000B7BC3 /* schemeVC.swift in Sources */,
				048F67CF204CC88100A967C3 /* guideVC.swift in Sources */,
				046F00D2204F919000E20603 /* MerchVC.swift in Sources */,
				0410C0031F04A17F000B7BC3 /* feedbackVC.swift in Sources */,
				0410BFF91F049A61000B7BC3 /* pp_detVC.swift in Sources */,
				046F00CE204F90E800E20603 /* CharityVC.swift in Sources */,
				0410BFFD1F049C27000B7BC3 /* passingVC.swift in Sources */,
				0410BFF31F045AF4000B7BC3 /* directiveVC.swift in Sources */,
				0444CC841F031852004A5A89 /* munVC.swift in Sources */,
				04041A501EF36F2E0030A000 /* AppDelegate.swift in Sources */,
				0410BFF11F042672000B7BC3 /* crisisVC.swift in Sources */,
				047380091F00A648009E2F97 /* ThirdViewController.swift in Sources */,
				0410BFF51F049775000B7BC3 /* ppVC.swift in Sources */,
				04EA0E701F9A737000111AB8 /* RestaurantVC.swift in Sources */,
				0410C0011F04A167000B7BC3 /* contactVC.swift in Sources */,
				04041A521EF36F2E0030A000 /* FirstViewController.swift in Sources */,
				0447D4E7204DCC030045ED1F /* ScheduleVC.swift in Sources */,
			);
			runOnlyForDeploymentPostprocessing = 0;
		};
		04041A5E1EF36F2E0030A000 /* Sources */ = {
			isa = PBXSourcesBuildPhase;
			buildActionMask = 2147483647;
			files = (
				04041A671EF36F2E0030A000 /* PHUNCTests.swift in Sources */,
			);
			runOnlyForDeploymentPostprocessing = 0;
		};
/* End PBXSourcesBuildPhase section */

/* Begin PBXTargetDependency section */
		04041A641EF36F2E0030A000 /* PBXTargetDependency */ = {
			isa = PBXTargetDependency;
			target = 04041A4B1EF36F2D0030A000 /* PHUNC */;
			targetProxy = 04041A631EF36F2E0030A000 /* PBXContainerItemProxy */;
		};
/* End PBXTargetDependency section */

/* Begin PBXVariantGroup section */
		04041A551EF36F2E0030A000 /* Main.storyboard */ = {
			isa = PBXVariantGroup;
			children = (
				04041A561EF36F2E0030A000 /* Base */,
			);
			name = Main.storyboard;
			sourceTree = "<group>";
		};
		04041A5A1EF36F2E0030A000 /* LaunchScreen.storyboard */ = {
			isa = PBXVariantGroup;
			children = (
				04041A5B1EF36F2E0030A000 /* Base */,
			);
			name = LaunchScreen.storyboard;
			sourceTree = "<group>";
		};
/* End PBXVariantGroup section */

/* Begin XCBuildConfiguration section */
		04041A691EF36F2E0030A000 /* Debug */ = {
			isa = XCBuildConfiguration;
			buildSettings = {
				ALWAYS_SEARCH_USER_PATHS = NO;
				CLANG_ANALYZER_NONNULL = YES;
				CLANG_ANALYZER_NUMBER_OBJECT_CONVERSION = YES_AGGRESSIVE;
				CLANG_CXX_LANGUAGE_STANDARD = "gnu++0x";
				CLANG_CXX_LIBRARY = "libc++";
				CLANG_ENABLE_MODULES = YES;
				CLANG_ENABLE_OBJC_ARC = YES;
				CLANG_WARN_BLOCK_CAPTURE_AUTORELEASING = YES;
				CLANG_WARN_BOOL_CONVERSION = YES;
				CLANG_WARN_COMMA = YES;
				CLANG_WARN_CONSTANT_CONVERSION = YES;
				CLANG_WARN_DIRECT_OBJC_ISA_USAGE = YES_ERROR;
				CLANG_WARN_DOCUMENTATION_COMMENTS = YES;
				CLANG_WARN_EMPTY_BODY = YES;
				CLANG_WARN_ENUM_CONVERSION = YES;
				CLANG_WARN_INFINITE_RECURSION = YES;
				CLANG_WARN_INT_CONVERSION = YES;
				CLANG_WARN_NON_LITERAL_NULL_CONVERSION = YES;
				CLANG_WARN_OBJC_LITERAL_CONVERSION = YES;
				CLANG_WARN_OBJC_ROOT_CLASS = YES_ERROR;
				CLANG_WARN_RANGE_LOOP_ANALYSIS = YES;
				CLANG_WARN_STRICT_PROTOTYPES = YES;
				CLANG_WARN_SUSPICIOUS_MOVE = YES;
				CLANG_WARN_UNREACHABLE_CODE = YES;
				CLANG_WARN__DUPLICATE_METHOD_MATCH = YES;
				"CODE_SIGN_IDENTITY[sdk=iphoneos*]" = "iPhone Developer";
				COPY_PHASE_STRIP = NO;
				DEBUG_INFORMATION_FORMAT = dwarf;
				ENABLE_STRICT_OBJC_MSGSEND = YES;
				ENABLE_TESTABILITY = YES;
				GCC_C_LANGUAGE_STANDARD = gnu99;
				GCC_DYNAMIC_NO_PIC = NO;
				GCC_NO_COMMON_BLOCKS = YES;
				GCC_OPTIMIZATION_LEVEL = 0;
				GCC_PREPROCESSOR_DEFINITIONS = (
					"DEBUG=1",
					"$(inherited)",
				);
				GCC_WARN_64_TO_32_BIT_CONVERSION = YES;
				GCC_WARN_ABOUT_RETURN_TYPE = YES_ERROR;
				GCC_WARN_UNDECLARED_SELECTOR = YES;
				GCC_WARN_UNINITIALIZED_AUTOS = YES_AGGRESSIVE;
				GCC_WARN_UNUSED_FUNCTION = YES;
				GCC_WARN_UNUSED_VARIABLE = YES;
				IPHONEOS_DEPLOYMENT_TARGET = 11.2;
				MTL_ENABLE_DEBUG_INFO = YES;
				ONLY_ACTIVE_ARCH = YES;
				SDKROOT = iphoneos;
				SWIFT_ACTIVE_COMPILATION_CONDITIONS = DEBUG;
				SWIFT_OPTIMIZATION_LEVEL = "-Onone";
				TARGETED_DEVICE_FAMILY = "1,2";
			};
			name = Debug;
		};
		04041A6A1EF36F2E0030A000 /* Release */ = {
			isa = XCBuildConfiguration;
			buildSettings = {
				ALWAYS_SEARCH_USER_PATHS = NO;
				CLANG_ANALYZER_NONNULL = YES;
				CLANG_ANALYZER_NUMBER_OBJECT_CONVERSION = YES_AGGRESSIVE;
				CLANG_CXX_LANGUAGE_STANDARD = "gnu++0x";
				CLANG_CXX_LIBRARY = "libc++";
				CLANG_ENABLE_MODULES = YES;
				CLANG_ENABLE_OBJC_ARC = YES;
				CLANG_WARN_BLOCK_CAPTURE_AUTORELEASING = YES;
				CLANG_WARN_BOOL_CONVERSION = YES;
				CLANG_WARN_COMMA = YES;
				CLANG_WARN_CONSTANT_CONVERSION = YES;
				CLANG_WARN_DIRECT_OBJC_ISA_USAGE = YES_ERROR;
				CLANG_WARN_DOCUMENTATION_COMMENTS = YES;
				CLANG_WARN_EMPTY_BODY = YES;
				CLANG_WARN_ENUM_CONVERSION = YES;
				CLANG_WARN_INFINITE_RECURSION = YES;
				CLANG_WARN_INT_CONVERSION = YES;
				CLANG_WARN_NON_LITERAL_NULL_CONVERSION = YES;
				CLANG_WARN_OBJC_LITERAL_CONVERSION = YES;
				CLANG_WARN_OBJC_ROOT_CLASS = YES_ERROR;
				CLANG_WARN_RANGE_LOOP_ANALYSIS = YES;
				CLANG_WARN_STRICT_PROTOTYPES = YES;
				CLANG_WARN_SUSPICIOUS_MOVE = YES;
				CLANG_WARN_UNREACHABLE_CODE = YES;
				CLANG_WARN__DUPLICATE_METHOD_MATCH = YES;
				"CODE_SIGN_IDENTITY[sdk=iphoneos*]" = "iPhone Developer";
				COPY_PHASE_STRIP = NO;
				DEBUG_INFORMATION_FORMAT = "dwarf-with-dsym";
				ENABLE_NS_ASSERTIONS = NO;
				ENABLE_STRICT_OBJC_MSGSEND = YES;
				GCC_C_LANGUAGE_STANDARD = gnu99;
				GCC_NO_COMMON_BLOCKS = YES;
				GCC_WARN_64_TO_32_BIT_CONVERSION = YES;
				GCC_WARN_ABOUT_RETURN_TYPE = YES_ERROR;
				GCC_WARN_UNDECLARED_SELECTOR = YES;
				GCC_WARN_UNINITIALIZED_AUTOS = YES_AGGRESSIVE;
				GCC_WARN_UNUSED_FUNCTION = YES;
				GCC_WARN_UNUSED_VARIABLE = YES;
				IPHONEOS_DEPLOYMENT_TARGET = 11.2;
				MTL_ENABLE_DEBUG_INFO = NO;
				SDKROOT = iphoneos;
				SWIFT_OPTIMIZATION_LEVEL = "-Owholemodule";
				TARGETED_DEVICE_FAMILY = "1,2";
				VALIDATE_PRODUCT = YES;
			};
			name = Release;
		};
		04041A6C1EF36F2E0030A000 /* Debug */ = {
			isa = XCBuildConfiguration;
			baseConfigurationReference = 10DB27E7F82F55A968FCF17A /* Pods-PHUNC.debug.xcconfig */;
			buildSettings = {
				ASSETCATALOG_COMPILER_APPICON_NAME = AppIcon;
				CODE_SIGN_IDENTITY = "";
				"CODE_SIGN_IDENTITY[sdk=iphoneos*]" = "iPhone Developer";
				DEVELOPMENT_TEAM = "";
				INFOPLIST_FILE = PHUNC/Info.plist;
				IPHONEOS_DEPLOYMENT_TARGET = 11.2;
				LD_RUNPATH_SEARCH_PATHS = "$(inherited) @executable_path/Frameworks";
				PRODUCT_BUNDLE_IDENTIFIER = org.PSIADA.PUNC;
				PRODUCT_NAME = "$(TARGET_NAME)";
				PROVISIONING_PROFILE_SPECIFIER = "";
				SWIFT_VERSION = 3.0;
				TARGETED_DEVICE_FAMILY = 1;
			};
			name = Debug;
		};
		04041A6D1EF36F2E0030A000 /* Release */ = {
			isa = XCBuildConfiguration;
			baseConfigurationReference = 5008DA856298364D19ED5292 /* Pods-PHUNC.release.xcconfig */;
			buildSettings = {
				ASSETCATALOG_COMPILER_APPICON_NAME = AppIcon;
				CODE_SIGN_IDENTITY = "";
				"CODE_SIGN_IDENTITY[sdk=iphoneos*]" = "iPhone Developer";
				DEVELOPMENT_TEAM = "";
				INFOPLIST_FILE = PHUNC/Info.plist;
				IPHONEOS_DEPLOYMENT_TARGET = 11.2;
				LD_RUNPATH_SEARCH_PATHS = "$(inherited) @executable_path/Frameworks";
				PRODUCT_BUNDLE_IDENTIFIER = org.PSIADA.PUNC;
				PRODUCT_NAME = "$(TARGET_NAME)";
				PROVISIONING_PROFILE_SPECIFIER = "";
				SWIFT_VERSION = 3.0;
				TARGETED_DEVICE_FAMILY = 1;
			};
			name = Release;
		};
		04041A6F1EF36F2E0030A000 /* Debug */ = {
			isa = XCBuildConfiguration;
			baseConfigurationReference = 3BD5239BCC2AD970B16F5AE8 /* Pods-PHUNCTests.debug.xcconfig */;
			buildSettings = {
				ALWAYS_EMBED_SWIFT_STANDARD_LIBRARIES = YES;
				BUNDLE_LOADER = "$(TEST_HOST)";
				INFOPLIST_FILE = PHUNCTests/Info.plist;
				LD_RUNPATH_SEARCH_PATHS = "$(inherited) @executable_path/Frameworks @loader_path/Frameworks";
				PRODUCT_BUNDLE_IDENTIFIER = org.PSIADA.PHUNCTests;
				PRODUCT_NAME = "$(TARGET_NAME)";
				SWIFT_VERSION = 3.0;
				TEST_HOST = "$(BUILT_PRODUCTS_DIR)/PHUNC.app/PHUNC";
			};
			name = Debug;
		};
		04041A701EF36F2E0030A000 /* Release */ = {
			isa = XCBuildConfiguration;
			baseConfigurationReference = 04C40E21553B9FF9A01E9074 /* Pods-PHUNCTests.release.xcconfig */;
			buildSettings = {
				ALWAYS_EMBED_SWIFT_STANDARD_LIBRARIES = YES;
				BUNDLE_LOADER = "$(TEST_HOST)";
				INFOPLIST_FILE = PHUNCTests/Info.plist;
				LD_RUNPATH_SEARCH_PATHS = "$(inherited) @executable_path/Frameworks @loader_path/Frameworks";
				PRODUCT_BUNDLE_IDENTIFIER = org.PSIADA.PHUNCTests;
				PRODUCT_NAME = "$(TARGET_NAME)";
				SWIFT_VERSION = 3.0;
				TEST_HOST = "$(BUILT_PRODUCTS_DIR)/PHUNC.app/PHUNC";
			};
			name = Release;
		};
/* End XCBuildConfiguration section */

/* Begin XCConfigurationList section */
		04041A471EF36F2D0030A000 /* Build configuration list for PBXProject "PHUNC" */ = {
			isa = XCConfigurationList;
			buildConfigurations = (
				04041A691EF36F2E0030A000 /* Debug */,
				04041A6A1EF36F2E0030A000 /* Release */,
			);
			defaultConfigurationIsVisible = 0;
			defaultConfigurationName = Release;
		};
		04041A6B1EF36F2E0030A000 /* Build configuration list for PBXNativeTarget "PHUNC" */ = {
			isa = XCConfigurationList;
			buildConfigurations = (
				04041A6C1EF36F2E0030A000 /* Debug */,
				04041A6D1EF36F2E0030A000 /* Release */,
			);
			defaultConfigurationIsVisible = 0;
			defaultConfigurationName = Release;
		};
		04041A6E1EF36F2E0030A000 /* Build configuration list for PBXNativeTarget "PHUNCTests" */ = {
			isa = XCConfigurationList;
			buildConfigurations = (
				04041A6F1EF36F2E0030A000 /* Debug */,
				04041A701EF36F2E0030A000 /* Release */,
			);
			defaultConfigurationIsVisible = 0;
			defaultConfigurationName = Release;
		};
/* End XCConfigurationList section */
	};
	rootObject = 04041A441EF36F2D0030A000 /* Project object */;
}
